
Microsoft Visual Studio Solution File, Format Version 12.00
# Visual Studio 15
VisualStudioVersion = 15.0.27428.2015
MinimumVisualStudioVersion = 10.0.40219.1
Project("{FAE04EC0-301F-11D3-BF4B-00C04F79EFBC}") = "Win", "Win\Win.csproj", "{F8898B14-A626-4CA0-B44C-3CC7BD327BA7}"
EndProject
Global
	GlobalSection(SolutionConfigurationPlatforms) = preSolution
		Debug|Any CPU = Debug|Any CPU
		Release|Any CPU = Release|Any CPU
	EndGlobalSection
	GlobalSection(ProjectConfigurationPlatforms) = postSolution
		{F8898B14-A626-4CA0-B44C-3CC7BD327BA7}.Debug|Any CPU.ActiveCfg = Debug|Any CPU
		{F8898B14-A626-4CA0-B44C-3CC7BD327BA7}.Debug|Any CPU.Build.0 = Debug|Any CPU
		{F8898B14-A626-4CA0-B44C-3CC7BD327BA7}.Release|Any CPU.ActiveCfg = Release|Any CPU
		{F8898B14-A626-4CA0-B44C-3CC7BD327BA7}.Release|Any CPU.Build.0 = Release|Any CPU
	EndGlobalSection
	GlobalSection(SolutionProperties) = preSolution
		HideSolutionNode = FALSE
	EndGlobalSection
	GlobalSection(ExtensibilityGlobals) = postSolution
		SolutionGuid = {493B81BD-DBA7-424F-AFD4-50A0C561F200}
	EndGlobalSection
EndGlobal
